// !$*UTF8*$!
{
	archiveVersion = 1;
	classes = {
	};
	objectVersion = 51;
	objects = {

/* Begin PBXBuildFile section */
		2EC9E4DE18391E8FF047E7E4 /* Pods_PhotoDemoUITests.framework in Frameworks */ = {isa = PBXBuildFile; fileRef = 2A02AB271E375CC69D8AAA9E /* Pods_PhotoDemoUITests.framework */; };
		CCBE9FBB231387E000047743 /* AppDelegate.m in Sources */ = {isa = PBXBuildFile; fileRef = CCBE9FBA231387E000047743 /* AppDelegate.m */; };
		CCBE9FBE231387E000047743 /* ViewController.m in Sources */ = {isa = PBXBuildFile; fileRef = CCBE9FBD231387E000047743 /* ViewController.m */; };
		CCBE9FC1231387E000047743 /* Main.storyboard in Resources */ = {isa = PBXBuildFile; fileRef = CCBE9FBF231387E000047743 /* Main.storyboard */; };
		CCBE9FC3231387E100047743 /* Assets.xcassets in Resources */ = {isa = PBXBuildFile; fileRef = CCBE9FC2231387E100047743 /* Assets.xcassets */; };
		CCBE9FC6231387E100047743 /* LaunchScreen.storyboard in Resources */ = {isa = PBXBuildFile; fileRef = CCBE9FC4231387E100047743 /* LaunchScreen.storyboard */; };
		CCBE9FC9231387E100047743 /* main.m in Sources */ = {isa = PBXBuildFile; fileRef = CCBE9FC8231387E100047743 /* main.m */; };
		CCBE9FD3231387E100047743 /* PhotoDemoTests.m in Sources */ = {isa = PBXBuildFile; fileRef = CCBE9FD2231387E100047743 /* PhotoDemoTests.m */; };
		CCBE9FDE231387E100047743 /* PhotoDemoUITests.m in Sources */ = {isa = PBXBuildFile; fileRef = CCBE9FDD231387E100047743 /* PhotoDemoUITests.m */; };
		EFF614BD20678113A7AD98B9 /* Pods_PhotoDemo.framework in Frameworks */ = {isa = PBXBuildFile; fileRef = D64AF983BAB85CB327F44897 /* Pods_PhotoDemo.framework */; };
		F72E7D120D3AB0391E5159B3 /* Pods_PhotoDemoTests.framework in Frameworks */ = {isa = PBXBuildFile; fileRef = 3D9BE293924962AACD4B0BB6 /* Pods_PhotoDemoTests.framework */; };
/* End PBXBuildFile section */

/* Begin PBXContainerItemProxy section */
		CCBE9FCF231387E100047743 /* PBXContainerItemProxy */ = {
			isa = PBXContainerItemProxy;
			containerPortal = CCBE9FAE231387E000047743 /* Project object */;
			proxyType = 1;
			remoteGlobalIDString = CCBE9FB5231387E000047743;
			remoteInfo = PhotoDemo;
		};
		CCBE9FDA231387E100047743 /* PBXContainerItemProxy */ = {
			isa = PBXContainerItemProxy;
			containerPortal = CCBE9FAE231387E000047743 /* Project object */;
			proxyType = 1;
			remoteGlobalIDString = CCBE9FB5231387E000047743;
			remoteInfo = PhotoDemo;
		};
/* End PBXContainerItemProxy section */

/* Begin PBXFileReference section */
		045199163DCCA4041646CA19 /* Pods-PhotoDemo.release.xcconfig */ = {isa = PBXFileReference; includeInIndex = 1; lastKnownFileType = text.xcconfig; name = "Pods-PhotoDemo.release.xcconfig"; path = "Target Support Files/Pods-PhotoDemo/Pods-PhotoDemo.release.xcconfig"; sourceTree = "<group>"; };
		2A02AB271E375CC69D8AAA9E /* Pods_PhotoDemoUITests.framework */ = {isa = PBXFileReference; explicitFileType = wrapper.framework; includeInIndex = 0; path = Pods_PhotoDemoUITests.framework; sourceTree = BUILT_PRODUCTS_DIR; };
		2C8A9D71D8FAFA40A2581013 /* Pods-PhotoDemoTests.release.xcconfig */ = {isa = PBXFileReference; includeInIndex = 1; lastKnownFileType = text.xcconfig; name = "Pods-PhotoDemoTests.release.xcconfig"; path = "Target Support Files/Pods-PhotoDemoTests/Pods-PhotoDemoTests.release.xcconfig"; sourceTree = "<group>"; };
		3D9BE293924962AACD4B0BB6 /* Pods_PhotoDemoTests.framework */ = {isa = PBXFileReference; explicitFileType = wrapper.framework; includeInIndex = 0; path = Pods_PhotoDemoTests.framework; sourceTree = BUILT_PRODUCTS_DIR; };
		80B7AFDBACD6C0D62C164CC3 /* Pods-PhotoDemo.debug.xcconfig */ = {isa = PBXFileReference; includeInIndex = 1; lastKnownFileType = text.xcconfig; name = "Pods-PhotoDemo.debug.xcconfig"; path = "Target Support Files/Pods-PhotoDemo/Pods-PhotoDemo.debug.xcconfig"; sourceTree = "<group>"; };
		CA4C19C786F6D1A367CA2576 /* Pods-PhotoDemoUITests.release.xcconfig */ = {isa = PBXFileReference; includeInIndex = 1; lastKnownFileType = text.xcconfig; name = "Pods-PhotoDemoUITests.release.xcconfig"; path = "Target Support Files/Pods-PhotoDemoUITests/Pods-PhotoDemoUITests.release.xcconfig"; sourceTree = "<group>"; };
		CCBE9FB6231387E000047743 /* PhotoDemo.app */ = {isa = PBXFileReference; explicitFileType = wrapper.application; includeInIndex = 0; path = PhotoDemo.app; sourceTree = BUILT_PRODUCTS_DIR; };
		CCBE9FB9231387E000047743 /* AppDelegate.h */ = {isa = PBXFileReference; lastKnownFileType = sourcecode.c.h; path = AppDelegate.h; sourceTree = "<group>"; };
		CCBE9FBA231387E000047743 /* AppDelegate.m */ = {isa = PBXFileReference; lastKnownFileType = sourcecode.c.objc; path = AppDelegate.m; sourceTree = "<group>"; };
		CCBE9FBC231387E000047743 /* ViewController.h */ = {isa = PBXFileReference; lastKnownFileType = sourcecode.c.h; path = ViewController.h; sourceTree = "<group>"; };
		CCBE9FBD231387E000047743 /* ViewController.m */ = {isa = PBXFileReference; lastKnownFileType = sourcecode.c.objc; path = ViewController.m; sourceTree = "<group>"; };
		CCBE9FC0231387E000047743 /* Base */ = {isa = PBXFileReference; lastKnownFileType = file.storyboard; name = Base; path = Base.lproj/Main.storyboard; sourceTree = "<group>"; };
		CCBE9FC2231387E100047743 /* Assets.xcassets */ = {isa = PBXFileReference; lastKnownFileType = folder.assetcatalog; path = Assets.xcassets; sourceTree = "<group>"; };
		CCBE9FC5231387E100047743 /* Base */ = {isa = PBXFileReference; lastKnownFileType = file.storyboard; name = Base; path = Base.lproj/LaunchScreen.storyboard; sourceTree = "<group>"; };
		CCBE9FC7231387E100047743 /* Info.plist */ = {isa = PBXFileReference; lastKnownFileType = text.plist.xml; path = Info.plist; sourceTree = "<group>"; };
		CCBE9FC8231387E100047743 /* main.m */ = {isa = PBXFileReference; lastKnownFileType = sourcecode.c.objc; path = main.m; sourceTree = "<group>"; };
		CCBE9FCE231387E100047743 /* PhotoDemoTests.xctest */ = {isa = PBXFileReference; explicitFileType = wrapper.cfbundle; includeInIndex = 0; path = PhotoDemoTests.xctest; sourceTree = BUILT_PRODUCTS_DIR; };
		CCBE9FD2231387E100047743 /* PhotoDemoTests.m */ = {isa = PBXFileReference; lastKnownFileType = sourcecode.c.objc; path = PhotoDemoTests.m; sourceTree = "<group>"; };
		CCBE9FD4231387E100047743 /* Info.plist */ = {isa = PBXFileReference; lastKnownFileType = text.plist.xml; path = Info.plist; sourceTree = "<group>"; };
		CCBE9FD9231387E100047743 /* PhotoDemoUITests.xctest */ = {isa = PBXFileReference; explicitFileType = wrapper.cfbundle; includeInIndex = 0; path = PhotoDemoUITests.xctest; sourceTree = BUILT_PRODUCTS_DIR; };
		CCBE9FDD231387E100047743 /* PhotoDemoUITests.m */ = {isa = PBXFileReference; lastKnownFileType = sourcecode.c.objc; path = PhotoDemoUITests.m; sourceTree = "<group>"; };
		CCBE9FDF231387E100047743 /* Info.plist */ = {isa = PBXFileReference; lastKnownFileType = text.plist.xml; path = Info.plist; sourceTree = "<group>"; };
		D64AF983BAB85CB327F44897 /* Pods_PhotoDemo.framework */ = {isa = PBXFileReference; explicitFileType = wrapper.framework; includeInIndex = 0; path = Pods_PhotoDemo.framework; sourceTree = BUILT_PRODUCTS_DIR; };
		DDFABBA7E67EDBE737A435F6 /* Pods-PhotoDemoTests.debug.xcconfig */ = {isa = PBXFileReference; includeInIndex = 1; lastKnownFileType = text.xcconfig; name = "Pods-PhotoDemoTests.debug.xcconfig"; path = "Target Support Files/Pods-PhotoDemoTests/Pods-PhotoDemoTests.debug.xcconfig"; sourceTree = "<group>"; };
		ED8586C6516AAABF03AC8DE6 /* Pods-PhotoDemoUITests.debug.xcconfig */ = {isa = PBXFileReference; includeInIndex = 1; lastKnownFileType = text.xcconfig; name = "Pods-PhotoDemoUITests.debug.xcconfig"; path = "Target Support Files/Pods-PhotoDemoUITests/Pods-PhotoDemoUITests.debug.xcconfig"; sourceTree = "<group>"; };
/* End PBXFileReference section */

/* Begin PBXFrameworksBuildPhase section */
		CCBE9FB3231387E000047743 /* Frameworks */ = {
			isa = PBXFrameworksBuildPhase;
			buildActionMask = 2147483647;
			files = (
				EFF614BD20678113A7AD98B9 /* Pods_PhotoDemo.framework in Frameworks */,
			);
			runOnlyForDeploymentPostprocessing = 0;
		};
		CCBE9FCB231387E100047743 /* Frameworks */ = {
			isa = PBXFrameworksBuildPhase;
			buildActionMask = 2147483647;
			files = (
				F72E7D120D3AB0391E5159B3 /* Pods_PhotoDemoTests.framework in Frameworks */,
			);
			runOnlyForDeploymentPostprocessing = 0;
		};
		CCBE9FD6231387E100047743 /* Frameworks */ = {
			isa = PBXFrameworksBuildPhase;
			buildActionMask = 2147483647;
			files = (
				2EC9E4DE18391E8FF047E7E4 /* Pods_PhotoDemoUITests.framework in Frameworks */,
			);
			runOnlyForDeploymentPostprocessing = 0;
		};
/* End PBXFrameworksBuildPhase section */

/* Begin PBXGroup section */
		6AE6857BA9B981BEE0249863 /* Frameworks */ = {
			isa = PBXGroup;
			children = (
				D64AF983BAB85CB327F44897 /* Pods_PhotoDemo.framework */,
				3D9BE293924962AACD4B0BB6 /* Pods_PhotoDemoTests.framework */,
				2A02AB271E375CC69D8AAA9E /* Pods_PhotoDemoUITests.framework */,
			);
			name = Frameworks;
			sourceTree = "<group>";
		};
		AFCF7AD93E51618F22E87467 /* Pods */ = {
			isa = PBXGroup;
			children = (
				80B7AFDBACD6C0D62C164CC3 /* Pods-PhotoDemo.debug.xcconfig */,
				045199163DCCA4041646CA19 /* Pods-PhotoDemo.release.xcconfig */,
				DDFABBA7E67EDBE737A435F6 /* Pods-PhotoDemoTests.debug.xcconfig */,
				2C8A9D71D8FAFA40A2581013 /* Pods-PhotoDemoTests.release.xcconfig */,
				ED8586C6516AAABF03AC8DE6 /* Pods-PhotoDemoUITests.debug.xcconfig */,
				CA4C19C786F6D1A367CA2576 /* Pods-PhotoDemoUITests.release.xcconfig */,
			);
			path = Pods;
			sourceTree = "<group>";
		};
		CCBE9FAD231387E000047743 = {
			isa = PBXGroup;
			children = (
				CCBE9FB8231387E000047743 /* PhotoDemo */,
				CCBE9FD1231387E100047743 /* PhotoDemoTests */,
				CCBE9FDC231387E100047743 /* PhotoDemoUITests */,
				CCBE9FB7231387E000047743 /* Products */,
				AFCF7AD93E51618F22E87467 /* Pods */,
				6AE6857BA9B981BEE0249863 /* Frameworks */,
			);
			sourceTree = "<group>";
		};
		CCBE9FB7231387E000047743 /* Products */ = {
			isa = PBXGroup;
			children = (
				CCBE9FB6231387E000047743 /* PhotoDemo.app */,
				CCBE9FCE231387E100047743 /* PhotoDemoTests.xctest */,
				CCBE9FD9231387E100047743 /* PhotoDemoUITests.xctest */,
			);
			name = Products;
			sourceTree = "<group>";
		};
		CCBE9FB8231387E000047743 /* PhotoDemo */ = {
			isa = PBXGroup;
			children = (
				CCBE9FB9231387E000047743 /* AppDelegate.h */,
				CCBE9FBA231387E000047743 /* AppDelegate.m */,
				CCBE9FBC231387E000047743 /* ViewController.h */,
				CCBE9FBD231387E000047743 /* ViewController.m */,
				CCBE9FBF231387E000047743 /* Main.storyboard */,
				CCBE9FC2231387E100047743 /* Assets.xcassets */,
				CCBE9FC4231387E100047743 /* LaunchScreen.storyboard */,
				CCBE9FC7231387E100047743 /* Info.plist */,
				CCBE9FC8231387E100047743 /* main.m */,
			);
			path = PhotoDemo;
			sourceTree = "<group>";
		};
		CCBE9FD1231387E100047743 /* PhotoDemoTests */ = {
			isa = PBXGroup;
			children = (
				CCBE9FD2231387E100047743 /* PhotoDemoTests.m */,
				CCBE9FD4231387E100047743 /* Info.plist */,
			);
			path = PhotoDemoTests;
			sourceTree = "<group>";
		};
		CCBE9FDC231387E100047743 /* PhotoDemoUITests */ = {
			isa = PBXGroup;
			children = (
				CCBE9FDD231387E100047743 /* PhotoDemoUITests.m */,
				CCBE9FDF231387E100047743 /* Info.plist */,
			);
			path = PhotoDemoUITests;
			sourceTree = "<group>";
		};
/* End PBXGroup section */

/* Begin PBXNativeTarget section */
		CCBE9FB5231387E000047743 /* PhotoDemo */ = {
			isa = PBXNativeTarget;
			buildConfigurationList = CCBE9FE2231387E100047743 /* Build configuration list for PBXNativeTarget "PhotoDemo" */;
			buildPhases = (
				774A21FBEE7D1A49B8DBA81B /* [CP] Check Pods Manifest.lock */,
				CCBE9FB2231387E000047743 /* Sources */,
				CCBE9FB3231387E000047743 /* Frameworks */,
				CCBE9FB4231387E000047743 /* Resources */,
				B939A4C1C24D3DB8917E412D /* [CP] Embed Pods Frameworks */,
			);
			buildRules = (
			);
			dependencies = (
			);
			name = PhotoDemo;
			productName = PhotoDemo;
			productReference = CCBE9FB6231387E000047743 /* PhotoDemo.app */;
			productType = "com.apple.product-type.application";
		};
		CCBE9FCD231387E100047743 /* PhotoDemoTests */ = {
			isa = PBXNativeTarget;
			buildConfigurationList = CCBE9FE5231387E100047743 /* Build configuration list for PBXNativeTarget "PhotoDemoTests" */;
			buildPhases = (
				C842E3DB419C4D650D7BC5DC /* [CP] Check Pods Manifest.lock */,
				CCBE9FCA231387E100047743 /* Sources */,
				CCBE9FCB231387E100047743 /* Frameworks */,
				CCBE9FCC231387E100047743 /* Resources */,
			);
			buildRules = (
			);
			dependencies = (
				CCBE9FD0231387E100047743 /* PBXTargetDependency */,
			);
			name = PhotoDemoTests;
			productName = PhotoDemoTests;
			productReference = CCBE9FCE231387E100047743 /* PhotoDemoTests.xctest */;
			productType = "com.apple.product-type.bundle.unit-test";
		};
		CCBE9FD8231387E100047743 /* PhotoDemoUITests */ = {
			isa = PBXNativeTarget;
			buildConfigurationList = CCBE9FE8231387E100047743 /* Build configuration list for PBXNativeTarget "PhotoDemoUITests" */;
			buildPhases = (
				78234EBF77E29F3A30D77F2C /* [CP] Check Pods Manifest.lock */,
				CCBE9FD5231387E100047743 /* Sources */,
				CCBE9FD6231387E100047743 /* Frameworks */,
				CCBE9FD7231387E100047743 /* Resources */,
			);
			buildRules = (
			);
			dependencies = (
				CCBE9FDB231387E100047743 /* PBXTargetDependency */,
			);
			name = PhotoDemoUITests;
			productName = PhotoDemoUITests;
			productReference = CCBE9FD9231387E100047743 /* PhotoDemoUITests.xctest */;
			productType = "com.apple.product-type.bundle.ui-testing";
		};
/* End PBXNativeTarget section */

/* Begin PBXProject section */
		CCBE9FAE231387E000047743 /* Project object */ = {
			isa = PBXProject;
			attributes = {
				LastUpgradeCheck = 1020;
				ORGANIZATIONNAME = HENAN;
				TargetAttributes = {
					CCBE9FB5231387E000047743 = {
						CreatedOnToolsVersion = 10.2.1;
					};
					CCBE9FCD231387E100047743 = {
						CreatedOnToolsVersion = 10.2.1;
						TestTargetID = CCBE9FB5231387E000047743;
					};
					CCBE9FD8231387E100047743 = {
						CreatedOnToolsVersion = 10.2.1;
						TestTargetID = CCBE9FB5231387E000047743;
					};
				};
			};
			buildConfigurationList = CCBE9FB1231387E000047743 /* Build configuration list for PBXProject "PhotoDemo" */;
			compatibilityVersion = "Xcode 9.3";
			developmentRegion = en;
			hasScannedForEncodings = 0;
			knownRegions = (
				en,
				Base,
			);
			mainGroup = CCBE9FAD231387E000047743;
			productRefGroup = CCBE9FB7231387E000047743 /* Products */;
			projectDirPath = "";
			projectRoot = "";
			targets = (
				CCBE9FB5231387E000047743 /* PhotoDemo */,
				CCBE9FCD231387E100047743 /* PhotoDemoTests */,
				CCBE9FD8231387E100047743 /* PhotoDemoUITests */,
			);
		};
/* End PBXProject section */

/* Begin PBXResourcesBuildPhase section */
		CCBE9FB4231387E000047743 /* Resources */ = {
			isa = PBXResourcesBuildPhase;
			buildActionMask = 2147483647;
			files = (
				CCBE9FC6231387E100047743 /* LaunchScreen.storyboard in Resources */,
				CCBE9FC3231387E100047743 /* Assets.xcassets in Resources */,
				CCBE9FC1231387E000047743 /* Main.storyboard in Resources */,
			);
			runOnlyForDeploymentPostprocessing = 0;
		};
		CCBE9FCC231387E100047743 /* Resources */ = {
			isa = PBXResourcesBuildPhase;
			buildActionMask = 2147483647;
			files = (
			);
			runOnlyForDeploymentPostprocessing = 0;
		};
		CCBE9FD7231387E100047743 /* Resources */ = {
			isa = PBXResourcesBuildPhase;
			buildActionMask = 2147483647;
			files = (
			);
			runOnlyForDeploymentPostprocessing = 0;
		};
/* End PBXResourcesBuildPhase section */

/* Begin PBXShellScriptBuildPhase section */
		774A21FBEE7D1A49B8DBA81B /* [CP] Check Pods Manifest.lock */ = {
			isa = PBXShellScriptBuildPhase;
			buildActionMask = 2147483647;
			files = (
			);
			inputFileListPaths = (
			);
			inputPaths = (
				"${PODS_PODFILE_DIR_PATH}/Podfile.lock",
				"${PODS_ROOT}/Manifest.lock",
			);
			name = "[CP] Check Pods Manifest.lock";
			outputFileListPaths = (
			);
			outputPaths = (
				"$(DERIVED_FILE_DIR)/Pods-PhotoDemo-checkManifestLockResult.txt",
			);
			runOnlyForDeploymentPostprocessing = 0;
			shellPath = /bin/sh;
			shellScript = "diff \"${PODS_PODFILE_DIR_PATH}/Podfile.lock\" \"${PODS_ROOT}/Manifest.lock\" > /dev/null\nif [ $? != 0 ] ; then\n    # print error to STDERR\n    echo \"error: The sandbox is not in sync with the Podfile.lock. Run 'pod install' or update your CocoaPods installation.\" >&2\n    exit 1\nfi\n# This output is used by Xcode 'outputs' to avoid re-running this script phase.\necho \"SUCCESS\" > \"${SCRIPT_OUTPUT_FILE_0}\"\n";
			showEnvVarsInLog = 0;
		};
		78234EBF77E29F3A30D77F2C /* [CP] Check Pods Manifest.lock */ = {
			isa = PBXShellScriptBuildPhase;
			buildActionMask = 2147483647;
			files = (
			);
			inputFileListPaths = (
			);
			inputPaths = (
				"${PODS_PODFILE_DIR_PATH}/Podfile.lock",
				"${PODS_ROOT}/Manifest.lock",
			);
			name = "[CP] Check Pods Manifest.lock";
			outputFileListPaths = (
			);
			outputPaths = (
				"$(DERIVED_FILE_DIR)/Pods-PhotoDemoUITests-checkManifestLockResult.txt",
			);
			runOnlyForDeploymentPostprocessing = 0;
			shellPath = /bin/sh;
			shellScript = "diff \"${PODS_PODFILE_DIR_PATH}/Podfile.lock\" \"${PODS_ROOT}/Manifest.lock\" > /dev/null\nif [ $? != 0 ] ; then\n    # print error to STDERR\n    echo \"error: The sandbox is not in sync with the Podfile.lock. Run 'pod install' or update your CocoaPods installation.\" >&2\n    exit 1\nfi\n# This output is used by Xcode 'outputs' to avoid re-running this script phase.\necho \"SUCCESS\" > \"${SCRIPT_OUTPUT_FILE_0}\"\n";
			showEnvVarsInLog = 0;
		};
		B939A4C1C24D3DB8917E412D /* [CP] Embed Pods Frameworks */ = {
			isa = PBXShellScriptBuildPhase;
			buildActionMask = 2147483647;
			files = (
			);
			inputFileListPaths = (
				"${PODS_ROOT}/Target Support Files/Pods-PhotoDemo/Pods-PhotoDemo-frameworks-${CONFIGURATION}-input-files.xcfilelist",
			);
			name = "[CP] Embed Pods Frameworks";
			outputFileListPaths = (
				"${PODS_ROOT}/Target Support Files/Pods-PhotoDemo/Pods-PhotoDemo-frameworks-${CONFIGURATION}-output-files.xcfilelist",
			);
			runOnlyForDeploymentPostprocessing = 0;
			shellPath = /bin/sh;
			shellScript = "\"${PODS_ROOT}/Target Support Files/Pods-PhotoDemo/Pods-PhotoDemo-frameworks.sh\"\n";
			showEnvVarsInLog = 0;
		};
		C842E3DB419C4D650D7BC5DC /* [CP] Check Pods Manifest.lock */ = {
			isa = PBXShellScriptBuildPhase;
			buildActionMask = 2147483647;
			files = (
			);
			inputFileListPaths = (
			);
			inputPaths = (
				"${PODS_PODFILE_DIR_PATH}/Podfile.lock",
				"${PODS_ROOT}/Manifest.lock",
			);
			name = "[CP] Check Pods Manifest.lock";
			outputFileListPaths = (
			);
			outputPaths = (
				"$(DERIVED_FILE_DIR)/Pods-PhotoDemoTests-checkManifestLockResult.txt",
			);
			runOnlyForDeploymentPostprocessing = 0;
			shellPath = /bin/sh;
			shellScript = "diff \"${PODS_PODFILE_DIR_PATH}/Podfile.lock\" \"${PODS_ROOT}/Manifest.lock\" > /dev/null\nif [ $? != 0 ] ; then\n    # print error to STDERR\n    echo \"error: The sandbox is not in sync with the Podfile.lock. Run 'pod install' or update your CocoaPods installation.\" >&2\n    exit 1\nfi\n# This output is used by Xcode 'outputs' to avoid re-running this script phase.\necho \"SUCCESS\" > \"${SCRIPT_OUTPUT_FILE_0}\"\n";
			showEnvVarsInLog = 0;
		};
/* End PBXShellScriptBuildPhase section */

/* Begin PBXSourcesBuildPhase section */
		CCBE9FB2231387E000047743 /* Sources */ = {
			isa = PBXSourcesBuildPhase;
			buildActionMask = 2147483647;
			files = (
				CCBE9FBE231387E000047743 /* ViewController.m in Sources */,
				CCBE9FC9231387E100047743 /* main.m in Sources */,
				CCBE9FBB231387E000047743 /* AppDelegate.m in Sources */,
			);
			runOnlyForDeploymentPostprocessing = 0;
		};
		CCBE9FCA231387E100047743 /* Sources */ = {
			isa = PBXSourcesBuildPhase;
			buildActionMask = 2147483647;
			files = (
				CCBE9FD3231387E100047743 /* PhotoDemoTests.m in Sources */,
			);
			runOnlyForDeploymentPostprocessing = 0;
		};
		CCBE9FD5231387E100047743 /* Sources */ = {
			isa = PBXSourcesBuildPhase;
			buildActionMask = 2147483647;
			files = (
				CCBE9FDE231387E100047743 /* PhotoDemoUITests.m in Sources */,
			);
			runOnlyForDeploymentPostprocessing = 0;
		};
/* End PBXSourcesBuildPhase section */

/* Begin PBXTargetDependency section */
		CCBE9FD0231387E100047743 /* PBXTargetDependency */ = {
			isa = PBXTargetDependency;
			target = CCBE9FB5231387E000047743 /* PhotoDemo */;
			targetProxy = CCBE9FCF231387E100047743 /* PBXContainerItemProxy */;
		};
		CCBE9FDB231387E100047743 /* PBXTargetDependency */ = {
			isa = PBXTargetDependency;
			target = CCBE9FB5231387E000047743 /* PhotoDemo */;
			targetProxy = CCBE9FDA231387E100047743 /* PBXContainerItemProxy */;
		};
/* End PBXTargetDependency section */

/* Begin PBXVariantGroup section */
		CCBE9FBF231387E000047743 /* Main.storyboard */ = {
			isa = PBXVariantGroup;
			children = (
				CCBE9FC0231387E000047743 /* Base */,
			);
			name = Main.storyboard;
			sourceTree = "<group>";
		};
		CCBE9FC4231387E100047743 /* LaunchScreen.storyboard */ = {
			isa = PBXVariantGroup;
			children = (
				CCBE9FC5231387E100047743 /* Base */,
			);
			name = LaunchScreen.storyboard;
			sourceTree = "<group>";
		};
/* End PBXVariantGroup section */

/* Begin XCBuildConfiguration section */
		CCBE9FE0231387E100047743 /* Debug */ = {
			isa = XCBuildConfiguration;
			buildSettings = {
				ALWAYS_SEARCH_USER_PATHS = NO;
				CLANG_ANALYZER_NONNULL = YES;
				CLANG_ANALYZER_NUMBER_OBJECT_CONVERSION = YES_AGGRESSIVE;
				CLANG_CXX_LANGUAGE_STANDARD = "gnu++14";
				CLANG_CXX_LIBRARY = "libc++";
				CLANG_ENABLE_MODULES = YES;
				CLANG_ENABLE_OBJC_ARC = YES;
				CLANG_ENABLE_OBJC_WEAK = YES;
				CLANG_WARN_BLOCK_CAPTURE_AUTORELEASING = YES;
				CLANG_WARN_BOOL_CONVERSION = YES;
				CLANG_WARN_COMMA = YES;
				CLANG_WARN_CONSTANT_CONVERSION = YES;
				CLANG_WARN_DEPRECATED_OBJC_IMPLEMENTATIONS = YES;
				CLANG_WARN_DIRECT_OBJC_ISA_USAGE = YES_ERROR;
				CLANG_WARN_DOCUMENTATION_COMMENTS = YES;
				CLANG_WARN_EMPTY_BODY = YES;
				CLANG_WARN_ENUM_CONVERSION = YES;
				CLANG_WARN_INFINITE_RECURSION = YES;
				CLANG_WARN_INT_CONVERSION = YES;
				CLANG_WARN_NON_LITERAL_NULL_CONVERSION = YES;
				CLANG_WARN_OBJC_IMPLICIT_RETAIN_SELF = YES;
				CLANG_WARN_OBJC_LITERAL_CONVERSION = YES;
				CLANG_WARN_OBJC_ROOT_CLASS = YES_ERROR;
				CLANG_WARN_RANGE_LOOP_ANALYSIS = YES;
				CLANG_WARN_STRICT_PROTOTYPES = YES;
				CLANG_WARN_SUSPICIOUS_MOVE = YES;
				CLANG_WARN_UNGUARDED_AVAILABILITY = YES_AGGRESSIVE;
				CLANG_WARN_UNREACHABLE_CODE = YES;
				CLANG_WARN__DUPLICATE_METHOD_MATCH = YES;
				CODE_SIGN_IDENTITY = "iPhone Developer";
				COPY_PHASE_STRIP = NO;
				DEBUG_INFORMATION_FORMAT = dwarf;
				ENABLE_STRICT_OBJC_MSGSEND = YES;
				ENABLE_TESTABILITY = YES;
				GCC_C_LANGUAGE_STANDARD = gnu11;
				GCC_DYNAMIC_NO_PIC = NO;
				GCC_NO_COMMON_BLOCKS = YES;
				GCC_OPTIMIZATION_LEVEL = 0;
				GCC_PREPROCESSOR_DEFINITIONS = (
					"DEBUG=1",
					"$(inherited)",
				);
				GCC_WARN_64_TO_32_BIT_CONVERSION = YES;
				GCC_WARN_ABOUT_RETURN_TYPE = YES_ERROR;
				GCC_WARN_UNDECLARED_SELECTOR = YES;
				GCC_WARN_UNINITIALIZED_AUTOS = YES_AGGRESSIVE;
				GCC_WARN_UNUSED_FUNCTION = YES;
				GCC_WARN_UNUSED_VARIABLE = YES;
				IPHONEOS_DEPLOYMENT_TARGET = 12.2;
				MTL_ENABLE_DEBUG_INFO = INCLUDE_SOURCE;
				MTL_FAST_MATH = YES;
				ONLY_ACTIVE_ARCH = YES;
				SDKROOT = iphoneos;
			};
			name = Debug;
		};
		CCBE9FE1231387E100047743 /* Release */ = {
			isa = XCBuildConfiguration;
			buildSettings = {
				ALWAYS_SEARCH_USER_PATHS = NO;
				CLANG_ANALYZER_NONNULL = YES;
				CLANG_ANALYZER_NUMBER_OBJECT_CONVERSION = YES_AGGRESSIVE;
				CLANG_CXX_LANGUAGE_STANDARD = "gnu++14";
				CLANG_CXX_LIBRARY = "libc++";
				CLANG_ENABLE_MODULES = YES;
				CLANG_ENABLE_OBJC_ARC = YES;
				CLANG_ENABLE_OBJC_WEAK = YES;
				CLANG_WARN_BLOCK_CAPTURE_AUTORELEASING = YES;
				CLANG_WARN_BOOL_CONVERSION = YES;
				CLANG_WARN_COMMA = YES;
				CLANG_WARN_CONSTANT_CONVERSION = YES;
				CLANG_WARN_DEPRECATED_OBJC_IMPLEMENTATIONS = YES;
				CLANG_WARN_DIRECT_OBJC_ISA_USAGE = YES_ERROR;
				CLANG_WARN_DOCUMENTATION_COMMENTS = YES;
				CLANG_WARN_EMPTY_BODY = YES;
				CLANG_WARN_ENUM_CONVERSION = YES;
				CLANG_WARN_INFINITE_RECURSION = YES;
				CLANG_WARN_INT_CONVERSION = YES;
				CLANG_WARN_NON_LITERAL_NULL_CONVERSION = YES;
				CLANG_WARN_OBJC_IMPLICIT_RETAIN_SELF = YES;
				CLANG_WARN_OBJC_LITERAL_CONVERSION = YES;
				CLANG_WARN_OBJC_ROOT_CLASS = YES_ERROR;
				CLANG_WARN_RANGE_LOOP_ANALYSIS = YES;
				CLANG_WARN_STRICT_PROTOTYPES = YES;
				CLANG_WARN_SUSPICIOUS_MOVE = YES;
				CLANG_WARN_UNGUARDED_AVAILABILITY = YES_AGGRESSIVE;
				CLANG_WARN_UNREACHABLE_CODE = YES;
				CLANG_WARN__DUPLICATE_METHOD_MATCH = YES;
				CODE_SIGN_IDENTITY = "iPhone Developer";
				COPY_PHASE_STRIP = NO;
				DEBUG_INFORMATION_FORMAT = "dwarf-with-dsym";
				ENABLE_NS_ASSERTIONS = NO;
				ENABLE_STRICT_OBJC_MSGSEND = YES;
				GCC_C_LANGUAGE_STANDARD = gnu11;
				GCC_NO_COMMON_BLOCKS = YES;
				GCC_WARN_64_TO_32_BIT_CONVERSION = YES;
				GCC_WARN_ABOUT_RETURN_TYPE = YES_ERROR;
				GCC_WARN_UNDECLARED_SELECTOR = YES;
				GCC_WARN_UNINITIALIZED_AUTOS = YES_AGGRESSIVE;
				GCC_WARN_UNUSED_FUNCTION = YES;
				GCC_WARN_UNUSED_VARIABLE = YES;
				IPHONEOS_DEPLOYMENT_TARGET = 12.2;
				MTL_ENABLE_DEBUG_INFO = NO;
				MTL_FAST_MATH = YES;
				SDKROOT = iphoneos;
				VALIDATE_PRODUCT = YES;
			};
			name = Release;
		};
		CCBE9FE3231387E100047743 /* Debug */ = {
			isa = XCBuildConfiguration;
			baseConfigurationReference = 80B7AFDBACD6C0D62C164CC3 /* Pods-PhotoDemo.debug.xcconfig */;
			buildSettings = {
				ASSETCATALOG_COMPILER_APPICON_NAME = AppIcon;
				CODE_SIGN_STYLE = Manual;
				DEVELOPMENT_TEAM = HKHKXULF6R;
				INFOPLIST_FILE = PhotoDemo/Info.plist;
				LD_RUNPATH_SEARCH_PATHS = (
					"$(inherited)",
					"@executable_path/Frameworks",
				);
				PRODUCT_BUNDLE_IDENTIFIER = com.app.ZJCS;
				PRODUCT_NAME = "$(TARGET_NAME)";
				PROVISIONING_PROFILE_SPECIFIER = ZJCS;
				TARGETED_DEVICE_FAMILY = "1,2";
			};
			name = Debug;
		};
		CCBE9FE4231387E100047743 /* Release */ = {
			isa = XCBuildConfiguration;
			baseConfigurationReference = 045199163DCCA4041646CA19 /* Pods-PhotoDemo.release.xcconfig */;
			buildSettings = {
				ASSETCATALOG_COMPILER_APPICON_NAME = AppIcon;
				CODE_SIGN_STYLE = Manual;
				DEVELOPMENT_TEAM = HKHKXULF6R;
				INFOPLIST_FILE = PhotoDemo/Info.plist;
				LD_RUNPATH_SEARCH_PATHS = (
					"$(inherited)",
					"@executable_path/Frameworks",
				);
				PRODUCT_BUNDLE_IDENTIFIER = com.app.ZJCS;
				PRODUCT_NAME = "$(TARGET_NAME)";
				PROVISIONING_PROFILE_SPECIFIER = ZJCS;
				TARGETED_DEVICE_FAMILY = "1,2";
			};
			name = Release;
		};
		CCBE9FE6231387E100047743 /* Debug */ = {
			isa = XCBuildConfiguration;
			baseConfigurationReference = DDFABBA7E67EDBE737A435F6 /* Pods-PhotoDemoTests.debug.xcconfig */;
			buildSettings = {
				BUNDLE_LOADER = "$(TEST_HOST)";
				CODE_SIGN_STYLE = Automatic;
				INFOPLIST_FILE = PhotoDemoTests/Info.plist;
				LD_RUNPATH_SEARCH_PATHS = (
					"$(inherited)",
					"@executable_path/Frameworks",
					"@loader_path/Frameworks",
				);
				PRODUCT_BUNDLE_IDENTIFIER = LYS.PhotoDemoTests;
				PRODUCT_NAME = "$(TARGET_NAME)";
				TARGETED_DEVICE_FAMILY = "1,2";
				TEST_HOST = "$(BUILT_PRODUCTS_DIR)/PhotoDemo.app/PhotoDemo";
			};
			name = Debug;
		};
		CCBE9FE7231387E100047743 /* Release */ = {
			isa = XCBuildConfiguration;
			baseConfigurationReference = 2C8A9D71D8FAFA40A2581013 /* Pods-PhotoDemoTests.release.xcconfig */;
			buildSettings = {
				BUNDLE_LOADER = "$(TEST_HOST)";
				CODE_SIGN_STYLE = Automatic;
				INFOPLIST_FILE = PhotoDemoTests/Info.plist;
				LD_RUNPATH_SEARCH_PATHS = (
					"$(inherited)",
					"@executable_path/Frameworks",
					"@loader_path/Frameworks",
				);
				PRODUCT_BUNDLE_IDENTIFIER = LYS.PhotoDemoTests;
				PRODUCT_NAME = "$(TARGET_NAME)";
				TARGETED_DEVICE_FAMILY = "1,2";
				TEST_HOST = "$(BUILT_PRODUCTS_DIR)/PhotoDemo.app/PhotoDemo";
			};
			name = Release;
		};
		CCBE9FE9231387E100047743 /* Debug */ = {
			isa = XCBuildConfiguration;
			baseConfigurationReference = ED8586C6516AAABF03AC8DE6 /* Pods-PhotoDemoUITests.debug.xcconfig */;
			buildSettings = {
				CODE_SIGN_STYLE = Automatic;
				INFOPLIST_FILE = PhotoDemoUITests/Info.plist;
				LD_RUNPATH_SEARCH_PATHS = (
					"$(inherited)",
					"@executable_path/Frameworks",
					"@loader_path/Frameworks",
				);
				PRODUCT_BUNDLE_IDENTIFIER = LYS.PhotoDemoUITests;
				PRODUCT_NAME = "$(TARGET_NAME)";
				TARGETED_DEVICE_FAMILY = "1,2";
				TEST_TARGET_NAME = PhotoDemo;
			};
			name = Debug;
		};
		CCBE9FEA231387E100047743 /* Release */ = {
			isa = XCBuildConfiguration;
			baseConfigurationReference = CA4C19C786F6D1A367CA2576 /* Pods-PhotoDemoUITests.release.xcconfig */;
			buildSettings = {
				CODE_SIGN_STYLE = Automatic;
				INFOPLIST_FILE = PhotoDemoUITests/Info.plist;
				LD_RUNPATH_SEARCH_PATHS = (
					"$(inherited)",
					"@executable_path/Frameworks",
					"@loader_path/Frameworks",
				);
				PRODUCT_BUNDLE_IDENTIFIER = LYS.PhotoDemoUITests;
				PRODUCT_NAME = "$(TARGET_NAME)";
				TARGETED_DEVICE_FAMILY = "1,2";
				TEST_TARGET_NAME = PhotoDemo;
			};
			name = Release;
		};
/* End XCBuildConfiguration section */

/* Begin XCConfigurationList section */
		CCBE9FB1231387E000047743 /* Build configuration list for PBXProject "PhotoDemo" */ = {
			isa = XCConfigurationList;
			buildConfigurations = (
				CCBE9FE0231387E100047743 /* Debug */,
				CCBE9FE1231387E100047743 /* Release */,
			);
			defaultConfigurationIsVisible = 0;
			defaultConfigurationName = Release;
		};
		CCBE9FE2231387E100047743 /* Build configuration list for PBXNativeTarget "PhotoDemo" */ = {
			isa = XCConfigurationList;
			buildConfigurations = (
				CCBE9FE3231387E100047743 /* Debug */,
				CCBE9FE4231387E100047743 /* Release */,
			);
			defaultConfigurationIsVisible = 0;
			defaultConfigurationName = Release;
		};
		CCBE9FE5231387E100047743 /* Build configuration list for PBXNativeTarget "PhotoDemoTests" */ = {
			isa = XCConfigurationList;
			buildConfigurations = (
				CCBE9FE6231387E100047743 /* Debug */,
				CCBE9FE7231387E100047743 /* Release */,
			);
			defaultConfigurationIsVisible = 0;
			defaultConfigurationName = Release;
		};
		CCBE9FE8231387E100047743 /* Build configuration list for PBXNativeTarget "PhotoDemoUITests" */ = {
			isa = XCConfigurationList;
			buildConfigurations = (
				CCBE9FE9231387E100047743 /* Debug */,
				CCBE9FEA231387E100047743 /* Release */,
			);
			defaultConfigurationIsVisible = 0;
			defaultConfigurationName = Release;
		};
/* End XCConfigurationList section */
	};
	rootObject = CCBE9FAE231387E000047743 /* Project object */;
}
